PODS:
  - DZNEmptyDataSet (1.8.1)
  - OMGHTTPURLRQ (3.2.0):
    - OMGHTTPURLRQ/RQ (= 3.2.0)
  - OMGHTTPURLRQ/FormURLEncode (3.2.0)
  - OMGHTTPURLRQ/RQ (3.2.0):
    - OMGHTTPURLRQ/FormURLEncode
    - OMGHTTPURLRQ/UserAgent
  - OMGHTTPURLRQ/UserAgent (3.2.0)
  - PromiseKit (3.4.0):
    - PromiseKit/Foundation (= 3.4.0)
    - PromiseKit/QuartzCore (= 3.4.0)
    - PromiseKit/UIKit (= 3.4.0)
  - PromiseKit/CorePromise (3.4.0)
  - PromiseKit/Foundation (3.4.0):
    - OMGHTTPURLRQ (~> 3.2.0)
    - PromiseKit/CorePromise
  - PromiseKit/QuartzCore (3.4.0):
    - PromiseKit/CorePromise
  - PromiseKit/UIKit (3.4.0):
    - PromiseKit/CorePromise
  - Realm (1.0.2):
    - Realm/Headers (= 1.0.2)
  - Realm/Headers (1.0.2)
  - RealmSwift (1.0.2):
    - Realm (= 1.0.2)
  - Watchdog (2.1)

DEPENDENCIES:
  - DZNEmptyDataSet (~> 1.8)
  - PromiseKit (~> 3.1)
  - RealmSwift (~> 1.0)
  - Watchdog (~> 2.1)

SPEC CHECKSUMS:
  DZNEmptyDataSet: 9525833b9e68ac21c30253e1d3d7076cc828eaa7
  OMGHTTPURLRQ: 1e54807cb7d5dbb506926e53498e1e9ac5720c79
  PromiseKit: 72a1500ddedd052b5f69b44e3bb4091da2fd1a7d
  Realm: 9d5c46a4d7d27958530a8dfc58f63a99e5c2cba3
  RealmSwift: 82f3ac5e24530143dddfde2033acc0d308f27d96
  Watchdog: a891d7ed53b6620aa70c698b39ee2f9eac4d0419

PODFILE CHECKSUM: 1e06e47835dcdfecbe9372fb4dcf9a3078e05fb6

COCOAPODS: 1.0.1
